
Microsoft Visual Studio Solution File, Format Version 12.00
# Visual Studio 2012
# Clarion 2.1.0.2447
Project("{12B76EC0-1D7B-4FA7-A7D0-C524288B48A1}") = "PasswordText", "PasswordText.cwproj", "{87F4C2FD-21CF-44E5-A635-331169255E53}"
EndProject
Project("{2150E333-8FDC-42A3-9474-1A3956D46DE8}") = "Included Files", "Included Files", "{B23E42CE-0832-4877-BD42-029F155ECEE9}"
	ProjectSection(SolutionItems) = postProject
		CBPasswordText.clw = CBPasswordText.clw
		CBPasswordText.inc = CBPasswordText.inc
	EndProjectSection
EndProject
Global
	GlobalSection(SolutionConfigurationPlatforms) = preSolution
		Debug|Win32 = Debug|Win32
		Release|Win32 = Release|Win32
	EndGlobalSection
	GlobalSection(ProjectConfigurationPlatforms) = postSolution
		{87F4C2FD-21CF-44E5-A635-331169255E53}.Debug|Win32.Build.0 = Debug|Win32
		{87F4C2FD-21CF-44E5-A635-331169255E53}.Debug|Win32.ActiveCfg = Debug|Win32
		{87F4C2FD-21CF-44E5-A635-331169255E53}.Release|Win32.Build.0 = Release|Win32
		{87F4C2FD-21CF-44E5-A635-331169255E53}.Release|Win32.ActiveCfg = Release|Win32
	EndGlobalSection
EndGlobal
